<?xml version="1.0" encoding="utf-8"?>
<Project ToolsVersion="4.0" xmlns="http://schemas.microsoft.com/developer/msbuild/2003">
  <ItemGroup>
    <Filter Include="Source Files">
      <UniqueIdentifier>{4FC737F1-C7A5-4376-A066-2A32D752A2FF}</UniqueIdentifier>
      <Extensions>cpp;c;cc;cxx;def;odl;idl;hpj;bat;asm;asmx</Extensions>
    </Filter>
    <Filter Include="Header Files">
      <UniqueIdentifier>{93995380-89BD-4b04-88EB-625FBE52EBFB}</UniqueIdentifier>
      <Extensions>h;hpp;hxx;hm;inl;inc;xsd</Extensions>
    </Filter>
    <Filter Include="Source Files\Math">
      <UniqueIdentifier>{e61a9ba1-5df4-4c24-b4e4-a18c14e62b26}</UniqueIdentifier>
    </Filter>
    <Filter Include="Source Files\Math\Vector">
      <UniqueIdentifier>{1230115d-9a26-49f2-8ec6-022f883ab308}</UniqueIdentifier>
    </Filter>
    <Filter Include="Header Files\Math">
      <UniqueIdentifier>{8f042d51-dab2-4c28-8fac-77bfee6c4473}</UniqueIdentifier>
    </Filter>
    <Filter Include="Header Files\Math\Vector">
      <UniqueIdentifier>{bc6767e4-b748-46fa-8ca2-5dc1839aec37}</UniqueIdentifier>
    </Filter>
    <Filter Include="Source Files\Unfiled">
      <UniqueIdentifier>{fd2f62da-6d41-42a3-b97d-b4ba1fa4a404}</UniqueIdentifier>
    </Filter>
    <Filter Include="Header Files\Unfiled">
      <UniqueIdentifier>{8b8197a2-9787-4224-b87b-5020f9a7c43b}</UniqueIdentifier>
    </Filter>
    <Filter Include="Header Files\Graphics">
      <UniqueIdentifier>{7bb397ca-f1e5-496b-a24b-86b593150f2c}</UniqueIdentifier>
    </Filter>
    <Filter Include="Header Files\Graphics\Registries">
      <UniqueIdentifier>{bc077ceb-9f3b-485a-aa49-30eaea64fec6}</UniqueIdentifier>
    </Filter>
    <Filter Include="Header Files\Graphics\ShaderData">
      <UniqueIdentifier>{c264145b-f55a-482b-8f09-98e730266be4}</UniqueIdentifier>
    </Filter>
    <Filter Include="Header Files\Graphics\Shapes">
      <UniqueIdentifier>{44d7ee8a-d96c-44e5-ba1c-a9d42a49e7a7}</UniqueIdentifier>
    </Filter>
    <Filter Include="Source Files\Graphics">
      <UniqueIdentifier>{429ff433-bc3e-4ca2-9cc2-9a8db7231953}</UniqueIdentifier>
    </Filter>
    <Filter Include="Source Files\Graphics\ShaderData">
      <UniqueIdentifier>{cb5aa7cc-69e1-497e-a537-2086d777c060}</UniqueIdentifier>
    </Filter>
    <Filter Include="Source Files\Graphics\Registries">
      <UniqueIdentifier>{5b1dd7c5-59b1-4872-9a51-a5b7c73497dd}</UniqueIdentifier>
    </Filter>
    <Filter Include="Source Files\Graphics\Shapes">
      <UniqueIdentifier>{7db2471e-dc86-447f-a45d-8a09b625057d}</UniqueIdentifier>
    </Filter>
    <Filter Include="Header Files\Physics">
      <UniqueIdentifier>{c3c1e541-7e1b-45b7-8695-0d7143894e17}</UniqueIdentifier>
    </Filter>
    <Filter Include="Source Files\Physics">
      <UniqueIdentifier>{cb55273e-e8f0-419c-ab5d-fa00d0660c71}</UniqueIdentifier>
    </Filter>
    <Filter Include="Source Files\Fireworks">
      <UniqueIdentifier>{c85d29e5-15cd-47ef-ad0e-211972d18198}</UniqueIdentifier>
    </Filter>
    <Filter Include="Header Files\Fireworks">
      <UniqueIdentifier>{b54170e5-168b-4a00-9a5b-fa490201395a}</UniqueIdentifier>
    </Filter>
    <Filter Include="Source Files\Physics\Forces">
      <UniqueIdentifier>{ce9090d2-4fcf-44d0-b5c1-a5810407ed72}</UniqueIdentifier>
    </Filter>
    <Filter Include="Header Files\Physics\Forces">
      <UniqueIdentifier>{b40049db-c743-4ec8-b6c1-b44e931cd263}</UniqueIdentifier>
    </Filter>
    <Filter Include="Resource Files">
      <UniqueIdentifier>{67DA6AB6-F800-4c08-8B7A-83BB121AAD01}</UniqueIdentifier>
      <Extensions>rc;ico;cur;bmp;dlg;rc2;rct;bin;rgs;gif;jpg;jpeg;jpe;resx;tiff;tif;png;wav;mfcribbon-ms</Extensions>
    </Filter>
  </ItemGroup>
  <ItemGroup>
    <ClCompile Include="Vector2.cpp">
      <Filter>Source Files\Math\Vector</Filter>
    </ClCompile>
    <ClCompile Include="Vector3.cpp">
      <Filter>Source Files\Math\Vector</Filter>
    </ClCompile>
    <ClCompile Include="Vector4.cpp">
      <Filter>Source Files\Math\Vector</Filter>
    </ClCompile>
    <ClCompile Include="MeshRegistry.cpp">
      <Filter>Source Files\Graphics\Registries</Filter>
    </ClCompile>
    <ClCompile Include="Matrix4.cpp">
      <Filter>Source Files\Math</Filter>
    </ClCompile>
    <ClCompile Include="Triangle.cpp">
      <Filter>Source Files\Graphics\Shapes</Filter>
    </ClCompile>
    <ClCompile Include="Cube.cpp">
      <Filter>Source Files\Graphics\Shapes</Filter>
    </ClCompile>
    <ClCompile Include="TextureRegistry.cpp">
      <Filter>Source Files\Graphics\Registries</Filter>
    </ClCompile>
    <ClCompile Include="GLShaderData.cpp">
      <Filter>Source Files\Graphics\ShaderData</Filter>
    </ClCompile>
    <ClCompile Include="Mesh.cpp">
      <Filter>Source Files\Graphics\ShaderData</Filter>
    </ClCompile>
    <ClCompile Include="Texture.cpp">
      <Filter>Source Files\Graphics\ShaderData</Filter>
    </ClCompile>
    <ClCompile Include="FileIO.cpp">
      <Filter>Source Files\Unfiled</Filter>
    </ClCompile>
    <ClCompile Include="GameObject.cpp">
      <Filter>Source Files\Unfiled</Filter>
    </ClCompile>
    <ClCompile Include="IceBreaker.cpp">
      <Filter>Source Files\Unfiled</Filter>
    </ClCompile>
    <ClCompile Include="Input.cpp">
      <Filter>Source Files\Unfiled</Filter>
    </ClCompile>
    <ClCompile Include="main.cpp">
      <Filter>Source Files\Unfiled</Filter>
    </ClCompile>
    <ClCompile Include="GLRenderer.cpp">
      <Filter>Source Files\Graphics</Filter>
    </ClCompile>
    <ClCompile Include="Firework.cpp">
      <Filter>Source Files\Fireworks</Filter>
    </ClCompile>
    <ClCompile Include="FireworkManager.cpp">
      <Filter>Source Files\Fireworks</Filter>
    </ClCompile>
    <ClCompile Include="FireworkGenerator.cpp">
      <Filter>Source Files\Fireworks</Filter>
    </ClCompile>
    <ClCompile Include="ForceManager.cpp">
      <Filter>Source Files\Physics\Forces</Filter>
    </ClCompile>
    <ClCompile Include="Camera.cpp">
      <Filter>Source Files\Graphics</Filter>
    </ClCompile>
    <ClCompile Include="GravityGenerator.cpp">
      <Filter>Source Files\Physics\Forces</Filter>
    </ClCompile>
    <ClCompile Include="Particle.cpp">
      <Filter>Source Files\Physics</Filter>
    </ClCompile>
    <ClCompile Include="DragGenerator.cpp">
      <Filter>Source Files\Physics\Forces</Filter>
    </ClCompile>
    <ClCompile Include="AnchoredSpringGenerator.cpp">
      <Filter>Source Files\Physics\Forces</Filter>
    </ClCompile>
    <ClCompile Include="SpringGenerator.cpp">
      <Filter>Source Files\Physics\Forces</Filter>
    </ClCompile>
    <ClCompile Include="BungeeGenerator.cpp">
      <Filter>Source Files\Physics\Forces</Filter>
    </ClCompile>
    <ClCompile Include="BridgeMaker.cpp">
      <Filter>Source Files\Physics</Filter>
    </ClCompile>
    <ClCompile Include="BuoancyGenerator.cpp">
      <Filter>Source Files\Physics\Forces</Filter>
    </ClCompile>
  </ItemGroup>
  <ItemGroup>
    <ClInclude Include="Vector2.h">
      <Filter>Header Files\Math\Vector</Filter>
    </ClInclude>
    <ClInclude Include="Vector3.h">
      <Filter>Header Files\Math\Vector</Filter>
    </ClInclude>
    <ClInclude Include="Vector4.h">
      <Filter>Header Files\Math\Vector</Filter>
    </ClInclude>
    <ClInclude Include="MeshRegistry.h">
      <Filter>Header Files\Graphics\Registries</Filter>
    </ClInclude>
    <ClInclude Include="Matrix4.h">
      <Filter>Header Files\Math</Filter>
    </ClInclude>
    <ClInclude Include="Triangle.h">
      <Filter>Header Files\Graphics\Shapes</Filter>
    </ClInclude>
    <ClInclude Include="Cube.h">
      <Filter>Header Files\Graphics\Shapes</Filter>
    </ClInclude>
    <ClInclude Include="TextureRegistry.h">
      <Filter>Header Files\Graphics\Registries</Filter>
    </ClInclude>
    <ClInclude Include="Mesh.h">
      <Filter>Header Files\Graphics\ShaderData</Filter>
    </ClInclude>
    <ClInclude Include="Texture.h">
      <Filter>Header Files\Graphics\ShaderData</Filter>
    </ClInclude>
    <ClInclude Include="GLShaderData.h">
      <Filter>Header Files\Graphics\ShaderData</Filter>
    </ClInclude>
    <ClInclude Include="FileIO.h">
      <Filter>Header Files\Unfiled</Filter>
    </ClInclude>
    <ClInclude Include="GameObject.h">
      <Filter>Header Files\Unfiled</Filter>
    </ClInclude>
    <ClInclude Include="IceBreaker.h">
      <Filter>Header Files\Unfiled</Filter>
    </ClInclude>
    <ClInclude Include="Input.h">
      <Filter>Header Files\Unfiled</Filter>
    </ClInclude>
    <ClInclude Include="GLRenderer.h">
      <Filter>Header Files\Graphics</Filter>
    </ClInclude>
    <ClInclude Include="Camera.h">
      <Filter>Header Files\Graphics</Filter>
    </ClInclude>
    <ClInclude Include="Particle.h">
      <Filter>Header Files\Physics</Filter>
    </ClInclude>
    <ClInclude Include="Constants.h">
      <Filter>Header Files\Unfiled</Filter>
    </ClInclude>
    <ClInclude Include="Firework.h">
      <Filter>Header Files\Fireworks</Filter>
    </ClInclude>
    <ClInclude Include="FireworkGenerator.h">
      <Filter>Header Files\Fireworks</Filter>
    </ClInclude>
    <ClInclude Include="FireworkManager.h">
      <Filter>Header Files\Fireworks</Filter>
    </ClInclude>
    <ClInclude Include="ForceGenerator.h">
      <Filter>Header Files\Physics\Forces</Filter>
    </ClInclude>
    <ClInclude Include="ForceManager.h">
      <Filter>Header Files\Physics\Forces</Filter>
    </ClInclude>
    <ClInclude Include="GravityGenerator.h">
      <Filter>Header Files\Physics\Forces</Filter>
    </ClInclude>
    <ClInclude Include="DragGenerator.h">
      <Filter>Header Files\Physics\Forces</Filter>
    </ClInclude>
    <ClInclude Include="AnchoredSpringGenerator.h">
      <Filter>Header Files\Physics\Forces</Filter>
    </ClInclude>
    <ClInclude Include="BungeeGenerator.h">
      <Filter>Header Files\Physics\Forces</Filter>
    </ClInclude>
    <ClInclude Include="BridgeMaker.h">
      <Filter>Header Files\Physics</Filter>
    </ClInclude>
    <ClInclude Include="SpringGenerator.h">
      <Filter>Header Files\Physics\Forces</Filter>
    </ClInclude>
    <ClInclude Include="BuoancyGenerator.h">
      <Filter>Header Files</Filter>
    </ClInclude>
  </ItemGroup>
</Project>